<?xml version="1.0" encoding="utf-8"?>
<Project ToolsVersion="16.0" xmlns="http://schemas.microsoft.com/developer/msbuild/2003">
  <ItemGroup>
    <ClCompile Include="E:\Programming\component-sdl2\src\component\animation\animation_variant.cpp">
      <Filter>Source Files</Filter>
    </ClCompile>
    <ClCompile Include="E:\Programming\component-sdl2\src\component\components\components.cpp">
      <Filter>Source Files</Filter>
    </ClCompile>
    <ClCompile Include="E:\Programming\component-sdl2\src\component\navigator\navigator.cpp">
      <Filter>Source Files</Filter>
    </ClCompile>
    <ClCompile Include="E:\Programming\component-sdl2\src\component\scroll\horizontal-scroll\horizontal-scroll.cpp">
      <Filter>Source Files</Filter>
    </ClCompile>
    <ClCompile Include="E:\Programming\component-sdl2\src\component\scroll\vertical-scroll\vertical-scroll.cpp">
      <Filter>Source Files</Filter>
    </ClCompile>
    <ClCompile Include="E:\Programming\component-sdl2\src\component\scroll\scroll.cpp">
      <Filter>Source Files</Filter>
    </ClCompile>
    <ClCompile Include="E:\Programming\component-sdl2\src\component\component.cpp">
      <Filter>Source Files</Filter>
    </ClCompile>
    <ClCompile Include="E:\Programming\component-sdl2\src\tools\css\color\color.cpp">
      <Filter>Source Files</Filter>
    </ClCompile>
    <ClCompile Include="E:\Programming\component-sdl2\src\tools\css\css_variant\css_variant.cpp">
      <Filter>Source Files</Filter>
    </ClCompile>
    <ClCompile Include="E:\Programming\component-sdl2\src\tools\css\utils\css_utils.cpp">
      <Filter>Source Files</Filter>
    </ClCompile>
    <ClCompile Include="E:\Programming\component-sdl2\src\tools\css\css-attributes.cpp">
      <Filter>Source Files</Filter>
    </ClCompile>
    <ClCompile Include="E:\Programming\component-sdl2\src\tools\css\css.cpp">
      <Filter>Source Files</Filter>
    </ClCompile>
    <ClCompile Include="E:\Programming\component-sdl2\src\tools\css\css_block.cpp">
      <Filter>Source Files</Filter>
    </ClCompile>
    <ClCompile Include="E:\Programming\component-sdl2\src\tools\css\css_block_state.cpp">
      <Filter>Source Files</Filter>
    </ClCompile>
    <ClCompile Include="E:\Programming\component-sdl2\src\tools\css\css_parse.cpp">
      <Filter>Source Files</Filter>
    </ClCompile>
    <ClCompile Include="E:\Programming\component-sdl2\src\tools\font\font-find\font-find.cpp">
      <Filter>Source Files</Filter>
    </ClCompile>
    <ClCompile Include="E:\Programming\component-sdl2\src\tools\font\font.cpp">
      <Filter>Source Files</Filter>
    </ClCompile>
    <ClCompile Include="E:\Programming\component-sdl2\src\tools\image\image.cpp">
      <Filter>Source Files</Filter>
    </ClCompile>
    <ClCompile Include="E:\Programming\component-sdl2\src\tools\point\extended-point\extended-point.cpp">
      <Filter>Source Files</Filter>
    </ClCompile>
    <ClCompile Include="E:\Programming\component-sdl2\src\tools\rect\extended-rect\extended-rect.cpp">
      <Filter>Source Files</Filter>
    </ClCompile>
    <ClCompile Include="E:\Programming\component-sdl2\src\tools\size\extended-size\extended-size.cpp">
      <Filter>Source Files</Filter>
    </ClCompile>
    <ClCompile Include="E:\Programming\component-sdl2\src\tools\size\simple-size\simple-size.cpp">
      <Filter>Source Files</Filter>
    </ClCompile>
    <ClCompile Include="E:\Programming\component-sdl2\src\tools\text\text.cpp">
      <Filter>Source Files</Filter>
    </ClCompile>
    <ClCompile Include="E:\Programming\component-sdl2\src\tools\text\text_line.cpp">
      <Filter>Source Files</Filter>
    </ClCompile>
    <ClCompile Include="E:\Programming\component-sdl2\src\tools\utils\utils.cpp">
      <Filter>Source Files</Filter>
    </ClCompile>
    <ClCompile Include="E:\Programming\component-sdl2\src\window\window.cpp">
      <Filter>Source Files</Filter>
    </ClCompile>
    <ClCompile Include="E:\Programming\component-sdl2\src\kit-main.cpp">
      <Filter>Source Files</Filter>
    </ClCompile>
    <ClCompile Include="E:\Programming\component-sdl2\src\std_components\button\button.cpp">
      <Filter>Source Files</Filter>
    </ClCompile>
    <ClCompile Include="E:\Programming\component-sdl2\src\std_components\checkbox\checkbox.cpp">
      <Filter>Source Files</Filter>
    </ClCompile>
    <ClCompile Include="E:\Programming\component-sdl2\src\std_windows\simple_window\simple-window.cpp">
      <Filter>Source Files</Filter>
    </ClCompile>
    <ClCompile Include="E:\Programming\component-sdl2\src\std_components\select\select.cpp">
      <Filter>Source Files</Filter>
    </ClCompile>
    <ClCompile Include="E:\Programming\component-sdl2\src\std_components\select\select_item.cpp">
      <Filter>Source Files</Filter>
    </ClCompile>
    <ClCompile Include="E:\Programming\component-sdl2\src\tools\texture\texture.cpp">
      <Filter>Source Files</Filter>
    </ClCompile>
    <ClCompile Include="E:\Programming\component-sdl2\src\tools\text2\text2.cpp">
      <Filter>Source Files</Filter>
    </ClCompile>
    <ClCompile Include="E:\Programming\component-sdl2\src\tools\text2\text_line.cpp">
      <Filter>Source Files</Filter>
    </ClCompile>
    <ClCompile Include="E:\Programming\component-sdl2\main.cpp">
      <Filter>Source Files</Filter>
    </ClCompile>
    <ClCompile Include="E:\Programming\component-sdl2\src\tools\draw\draw.cpp">
      <Filter>Source Files</Filter>
    </ClCompile>
    <ClCompile Include="E:\Programming\component-sdl2\src\std_components\table\table.cpp">
      <Filter>Source Files</Filter>
    </ClCompile>
    <ClCompile Include="E:\Programming\component-sdl2\src\std_components\table\table_header.cpp">
      <Filter>Source Files</Filter>
    </ClCompile>
    <ClCompile Include="E:\Programming\component-sdl2\src\std_components\table\table_row.cpp">
      <Filter>Source Files</Filter>
    </ClCompile>
    <ClCompile Include="E:\Programming\component-sdl2\src\std_components\table\table_item.cpp">
      <Filter>Source Files</Filter>
    </ClCompile>
    <ClCompile Include="E:\Programming\component-sdl2\src\std_components\table\table_header_item.cpp">
      <Filter>Source Files</Filter>
    </ClCompile>
    <ClCompile Include="E:\Programming\component-sdl2\src\tools\rect\simple-rect\simple-rect.cpp">
      <Filter>Source Files</Filter>
    </ClCompile>
    <ClCompile Include="E:\Programming\component-sdl2\src\std_components\tabs\tabs.cpp">
      <Filter>Source Files</Filter>
    </ClCompile>
  </ItemGroup>
  <ItemGroup>
    <ClInclude Include="E:\Programming\component-sdl2\src\component\animation\animation.h">
      <Filter>Header Files</Filter>
    </ClInclude>
    <ClInclude Include="E:\Programming\component-sdl2\src\component\animation\animation_variant.h">
      <Filter>Header Files</Filter>
    </ClInclude>
    <ClInclude Include="E:\Programming\component-sdl2\src\component\components\components.h">
      <Filter>Header Files</Filter>
    </ClInclude>
    <ClInclude Include="E:\Programming\component-sdl2\src\component\navigator\navigator.h">
      <Filter>Header Files</Filter>
    </ClInclude>
    <ClInclude Include="E:\Programming\component-sdl2\src\component\scroll\horizontal-scroll\horizontal-scroll.h">
      <Filter>Header Files</Filter>
    </ClInclude>
    <ClInclude Include="E:\Programming\component-sdl2\src\component\scroll\vertical-scroll\vertical-scroll.h">
      <Filter>Header Files</Filter>
    </ClInclude>
    <ClInclude Include="E:\Programming\component-sdl2\src\component\scroll\scroll.h">
      <Filter>Header Files</Filter>
    </ClInclude>
    <ClInclude Include="E:\Programming\component-sdl2\src\component\component-header.h">
      <Filter>Header Files</Filter>
    </ClInclude>
    <ClInclude Include="E:\Programming\component-sdl2\src\component\component.h">
      <Filter>Header Files</Filter>
    </ClInclude>
    <ClInclude Include="E:\Programming\component-sdl2\src\event\event.h">
      <Filter>Header Files</Filter>
    </ClInclude>
    <ClInclude Include="E:\Programming\component-sdl2\src\tools\css\color\color.h">
      <Filter>Header Files</Filter>
    </ClInclude>
    <ClInclude Include="E:\Programming\component-sdl2\src\tools\css\css_variant\css_variant.h">
      <Filter>Header Files</Filter>
    </ClInclude>
    <ClInclude Include="E:\Programming\component-sdl2\src\tools\css\utils\utils.h">
      <Filter>Header Files</Filter>
    </ClInclude>
    <ClInclude Include="E:\Programming\component-sdl2\src\tools\css\css-attributes.h">
      <Filter>Header Files</Filter>
    </ClInclude>
    <ClInclude Include="E:\Programming\component-sdl2\src\tools\css\css.h">
      <Filter>Header Files</Filter>
    </ClInclude>
    <ClInclude Include="E:\Programming\component-sdl2\src\tools\css\css_block.h">
      <Filter>Header Files</Filter>
    </ClInclude>
    <ClInclude Include="E:\Programming\component-sdl2\src\tools\css\css_block_state.h">
      <Filter>Header Files</Filter>
    </ClInclude>
    <ClInclude Include="E:\Programming\component-sdl2\src\tools\css\css_parse.h">
      <Filter>Header Files</Filter>
    </ClInclude>
    <ClInclude Include="E:\Programming\component-sdl2\src\tools\font\font-find\font-find.h">
      <Filter>Header Files</Filter>
    </ClInclude>
    <ClInclude Include="E:\Programming\component-sdl2\src\tools\font\font.h">
      <Filter>Header Files</Filter>
    </ClInclude>
    <ClInclude Include="E:\Programming\component-sdl2\src\tools\image\image.h">
      <Filter>Header Files</Filter>
    </ClInclude>
    <ClInclude Include="E:\Programming\component-sdl2\src\tools\point\extended-point\extended-point.h">
      <Filter>Header Files</Filter>
    </ClInclude>
    <ClInclude Include="E:\Programming\component-sdl2\src\tools\point\simple-point\simple-point.h">
      <Filter>Header Files</Filter>
    </ClInclude>
    <ClInclude Include="E:\Programming\component-sdl2\src\tools\rect\extended-rect\extended-rect.h">
      <Filter>Header Files</Filter>
    </ClInclude>
    <ClInclude Include="E:\Programming\component-sdl2\src\tools\rect\simple-rect\simple-rect.h">
      <Filter>Header Files</Filter>
    </ClInclude>
    <ClInclude Include="E:\Programming\component-sdl2\src\tools\size\extended-size\extended-size.h">
      <Filter>Header Files</Filter>
    </ClInclude>
    <ClInclude Include="E:\Programming\component-sdl2\src\tools\size\simple-size\simple-size.h">
      <Filter>Header Files</Filter>
    </ClInclude>
    <ClInclude Include="E:\Programming\component-sdl2\src\tools\text\text.h">
      <Filter>Header Files</Filter>
    </ClInclude>
    <ClInclude Include="E:\Programming\component-sdl2\src\tools\text\text_line.h">
      <Filter>Header Files</Filter>
    </ClInclude>
    <ClInclude Include="E:\Programming\component-sdl2\src\tools\utils\utils.h">
      <Filter>Header Files</Filter>
    </ClInclude>
    <ClInclude Include="E:\Programming\component-sdl2\src\window\window.h">
      <Filter>Header Files</Filter>
    </ClInclude>
    <ClInclude Include="E:\Programming\component-sdl2\src\kit-enter-point.h">
      <Filter>Header Files</Filter>
    </ClInclude>
    <ClInclude Include="E:\Programming\component-sdl2\src\kit-main.h">
      <Filter>Header Files</Filter>
    </ClInclude>
    <ClInclude Include="E:\Programming\component-sdl2\src\kit.h">
      <Filter>Header Files</Filter>
    </ClInclude>
    <ClInclude Include="E:\Programming\component-sdl2\src\std_components\button\button.h">
      <Filter>Header Files</Filter>
    </ClInclude>
    <ClInclude Include="E:\Programming\component-sdl2\src\std_components\checkbox\checkbox.h">
      <Filter>Header Files</Filter>
    </ClInclude>
    <ClInclude Include="E:\Programming\component-sdl2\src\std_windows\simple_window\simple-window.h">
      <Filter>Header Files</Filter>
    </ClInclude>
    <ClInclude Include="E:\Programming\component-sdl2\src\std_components\select\select.h">
      <Filter>Header Files</Filter>
    </ClInclude>
    <ClInclude Include="E:\Programming\component-sdl2\src\std_components\select\select_item.h">
      <Filter>Header Files</Filter>
    </ClInclude>
    <ClInclude Include="E:\Programming\component-sdl2\src\tools\texture\texture.h">
      <Filter>Header Files</Filter>
    </ClInclude>
    <ClInclude Include="E:\Programming\component-sdl2\src\tools\text2\text.h">
      <Filter>Header Files</Filter>
    </ClInclude>
    <ClInclude Include="E:\Programming\component-sdl2\src\tools\text2\text_line.h">
      <Filter>Header Files</Filter>
    </ClInclude>
    <ClInclude Include="E:\Programming\component-sdl2\src\tools\draw\draw.h">
      <Filter>Header Files</Filter>
    </ClInclude>
    <ClInclude Include="E:\Programming\component-sdl2\src\std_components\table\table.h">
      <Filter>Header Files</Filter>
    </ClInclude>
    <ClInclude Include="E:\Programming\component-sdl2\src\std_components\table\table_header.h">
      <Filter>Header Files</Filter>
    </ClInclude>
    <ClInclude Include="E:\Programming\component-sdl2\src\std_components\table\table_row.h">
      <Filter>Header Files</Filter>
    </ClInclude>
    <ClInclude Include="E:\Programming\component-sdl2\src\std_components\table\table_item.h">
      <Filter>Header Files</Filter>
    </ClInclude>
    <ClInclude Include="E:\Programming\component-sdl2\src\std_components\table\table_header_item.h">
      <Filter>Header Files</Filter>
    </ClInclude>
    <ClInclude Include="E:\Programming\component-sdl2\src\std_components\tabs\tabs.h">
      <Filter>Header Files</Filter>
    </ClInclude>
  </ItemGroup>
  <ItemGroup>
    <CustomBuild Include="E:\Programming\component-sdl2\CMakeLists.txt" />
  </ItemGroup>
  <ItemGroup>
    <Filter Include="Header Files">
      <UniqueIdentifier>{9A12FE64-B0DF-392E-A325-13EC74E05084}</UniqueIdentifier>
    </Filter>
    <Filter Include="Source Files">
      <UniqueIdentifier>{335C5F43-E09B-38F0-9EBF-7678ACF0386E}</UniqueIdentifier>
    </Filter>
  </ItemGroup>
</Project>
